// !$*UTF8*$!
{
	archiveVersion = 1;
	classes = {
	};
	objectVersion = 46;
	objects = {

/* Begin PBXBuildFile section */
		1F3C5CA615B9666D00E08B0C /* UIKit.framework in Frameworks */ = {isa = PBXBuildFile; fileRef = 1F3C5CA515B9666D00E08B0C /* UIKit.framework */; };
		1F3C5CA815B9666D00E08B0C /* Foundation.framework in Frameworks */ = {isa = PBXBuildFile; fileRef = 1F3C5CA715B9666D00E08B0C /* Foundation.framework */; };
		1F3C5CAA15B9666D00E08B0C /* CoreGraphics.framework in Frameworks */ = {isa = PBXBuildFile; fileRef = 1F3C5CA915B9666D00E08B0C /* CoreGraphics.framework */; };
		1F3C5CB015B9666D00E08B0C /* InfoPlist.strings in Resources */ = {isa = PBXBuildFile; fileRef = 1F3C5CAE15B9666D00E08B0C /* InfoPlist.strings */; };
		1F3C5CB215B9666D00E08B0C /* main.m in Sources */ = {isa = PBXBuildFile; fileRef = 1F3C5CB115B9666D00E08B0C /* main.m */; };
		1F3C5CB615B9666D00E08B0C /* AppDelegate.m in Sources */ = {isa = PBXBuildFile; fileRef = 1F3C5CB515B9666D00E08B0C /* AppDelegate.m */; };
		1F3C5CB915B9666D00E08B0C /* ViewController.m in Sources */ = {isa = PBXBuildFile; fileRef = 1F3C5CB815B9666D00E08B0C /* ViewController.m */; };
		1F3C5CBC15B9666D00E08B0C /* ViewController.xib in Resources */ = {isa = PBXBuildFile; fileRef = 1F3C5CBA15B9666D00E08B0C /* ViewController.xib */; };
		1F3C5CCF15B9691500E08B0C /* DEMazeGenerator.m in Sources */ = {isa = PBXBuildFile; fileRef = 1F3C5CC815B9669C00E08B0C /* DEMazeGenerator.m */; };
/* End PBXBuildFile section */

/* Begin PBXFileReference section */
		1F3C5CA115B9666D00E08B0C /* MazeGenerator.app */ = {isa = PBXFileReference; explicitFileType = wrapper.application; includeInIndex = 0; path = MazeGenerator.app; sourceTree = BUILT_PRODUCTS_DIR; };
		1F3C5CA515B9666D00E08B0C /* UIKit.framework */ = {isa = PBXFileReference; lastKnownFileType = wrapper.framework; name = UIKit.framework; path = System/Library/Frameworks/UIKit.framework; sourceTree = SDKROOT; };
		1F3C5CA715B9666D00E08B0C /* Foundation.framework */ = {isa = PBXFileReference; lastKnownFileType = wrapper.framework; name = Foundation.framework; path = System/Library/Frameworks/Foundation.framework; sourceTree = SDKROOT; };
		1F3C5CA915B9666D00E08B0C /* CoreGraphics.framework */ = {isa = PBXFileReference; lastKnownFileType = wrapper.framework; name = CoreGraphics.framework; path = System/Library/Frameworks/CoreGraphics.framework; sourceTree = SDKROOT; };
		1F3C5CAD15B9666D00E08B0C /* MazeGenerator-Info.plist */ = {isa = PBXFileReference; lastKnownFileType = text.plist.xml; path = "MazeGenerator-Info.plist"; sourceTree = "<group>"; };
		1F3C5CAF15B9666D00E08B0C /* en */ = {isa = PBXFileReference; lastKnownFileType = text.plist.strings; name = en; path = en.lproj/InfoPlist.strings; sourceTree = "<group>"; };
		1F3C5CB115B9666D00E08B0C /* main.m */ = {isa = PBXFileReference; lastKnownFileType = sourcecode.c.objc; path = main.m; sourceTree = "<group>"; };
		1F3C5CB315B9666D00E08B0C /* MazeGenerator-Prefix.pch */ = {isa = PBXFileReference; lastKnownFileType = sourcecode.c.h; path = "MazeGenerator-Prefix.pch"; sourceTree = "<group>"; };
		1F3C5CB415B9666D00E08B0C /* AppDelegate.h */ = {isa = PBXFileReference; lastKnownFileType = sourcecode.c.h; path = AppDelegate.h; sourceTree = "<group>"; };
		1F3C5CB515B9666D00E08B0C /* AppDelegate.m */ = {isa = PBXFileReference; lastKnownFileType = sourcecode.c.objc; path = AppDelegate.m; sourceTree = "<group>"; };
		1F3C5CB715B9666D00E08B0C /* ViewController.h */ = {isa = PBXFileReference; lastKnownFileType = sourcecode.c.h; path = ViewController.h; sourceTree = "<group>"; };
		1F3C5CB815B9666D00E08B0C /* ViewController.m */ = {isa = PBXFileReference; lastKnownFileType = sourcecode.c.objc; path = ViewController.m; sourceTree = "<group>"; };
		1F3C5CBB15B9666D00E08B0C /* en */ = {isa = PBXFileReference; lastKnownFileType = file.xib; name = en; path = en.lproj/ViewController.xib; sourceTree = "<group>"; };
		1F3C5CC715B9669C00E08B0C /* DEMazeGenerator.h */ = {isa = PBXFileReference; lastKnownFileType = sourcecode.c.h; path = DEMazeGenerator.h; sourceTree = "<group>"; };
		1F3C5CC815B9669C00E08B0C /* DEMazeGenerator.m */ = {isa = PBXFileReference; lastKnownFileType = sourcecode.c.objc; path = DEMazeGenerator.m; sourceTree = "<group>"; };
		1F3C5CCE15B9672F00E08B0C /* DEIntegerPoint.h */ = {isa = PBXFileReference; fileEncoding = 4; lastKnownFileType = sourcecode.c.h; path = DEIntegerPoint.h; sourceTree = "<group>"; };
/* End PBXFileReference section */

/* Begin PBXFrameworksBuildPhase section */
		1F3C5C9E15B9666D00E08B0C /* Frameworks */ = {
			isa = PBXFrameworksBuildPhase;
			buildActionMask = 2147483647;
			files = (
				1F3C5CA615B9666D00E08B0C /* UIKit.framework in Frameworks */,
				1F3C5CA815B9666D00E08B0C /* Foundation.framework in Frameworks */,
				1F3C5CAA15B9666D00E08B0C /* CoreGraphics.framework in Frameworks */,
			);
			runOnlyForDeploymentPostprocessing = 0;
		};
/* End PBXFrameworksBuildPhase section */

/* Begin PBXGroup section */
		1F3C5C9615B9666C00E08B0C = {
			isa = PBXGroup;
			children = (
				1F3C5CAB15B9666D00E08B0C /* MazeGenerator */,
				1F3C5CA415B9666D00E08B0C /* Frameworks */,
				1F3C5CA215B9666D00E08B0C /* Products */,
			);
			sourceTree = "<group>";
		};
		1F3C5CA215B9666D00E08B0C /* Products */ = {
			isa = PBXGroup;
			children = (
				1F3C5CA115B9666D00E08B0C /* MazeGenerator.app */,
			);
			name = Products;
			sourceTree = "<group>";
		};
		1F3C5CA415B9666D00E08B0C /* Frameworks */ = {
			isa = PBXGroup;
			children = (
				1F3C5CA515B9666D00E08B0C /* UIKit.framework */,
				1F3C5CA715B9666D00E08B0C /* Foundation.framework */,
				1F3C5CA915B9666D00E08B0C /* CoreGraphics.framework */,
			);
			name = Frameworks;
			sourceTree = "<group>";
		};
		1F3C5CAB15B9666D00E08B0C /* MazeGenerator */ = {
			isa = PBXGroup;
			children = (
				1F3C5CC615B9668800E08B0C /* DEMazeGenerator */,
				1F3C5CB415B9666D00E08B0C /* AppDelegate.h */,
				1F3C5CB515B9666D00E08B0C /* AppDelegate.m */,
				1F3C5CB715B9666D00E08B0C /* ViewController.h */,
				1F3C5CB815B9666D00E08B0C /* ViewController.m */,
				1F3C5CBA15B9666D00E08B0C /* ViewController.xib */,
				1F3C5CAC15B9666D00E08B0C /* Supporting Files */,
			);
			path = MazeGenerator;
			sourceTree = "<group>";
		};
		1F3C5CAC15B9666D00E08B0C /* Supporting Files */ = {
			isa = PBXGroup;
			children = (
				1F3C5CAD15B9666D00E08B0C /* MazeGenerator-Info.plist */,
				1F3C5CAE15B9666D00E08B0C /* InfoPlist.strings */,
				1F3C5CB115B9666D00E08B0C /* main.m */,
				1F3C5CB315B9666D00E08B0C /* MazeGenerator-Prefix.pch */,
			);
			name = "Supporting Files";
			sourceTree = "<group>";
		};
		1F3C5CC615B9668800E08B0C /* DEMazeGenerator */ = {
			isa = PBXGroup;
			children = (
				1F3C5CC915B966A200E08B0C /* DEIntegerPoint */,
				1F3C5CC715B9669C00E08B0C /* DEMazeGenerator.h */,
				1F3C5CC815B9669C00E08B0C /* DEMazeGenerator.m */,
			);
			name = DEMazeGenerator;
			sourceTree = "<group>";
		};
		1F3C5CC915B966A200E08B0C /* DEIntegerPoint */ = {
			isa = PBXGroup;
			children = (
				1F3C5CCE15B9672F00E08B0C /* DEIntegerPoint.h */,
			);
			name = DEIntegerPoint;
			sourceTree = "<group>";
		};
/* End PBXGroup section */

/* Begin PBXNativeTarget section */
		1F3C5CA015B9666D00E08B0C /* MazeGenerator */ = {
			isa = PBXNativeTarget;
			buildConfigurationList = 1F3C5CBF15B9666D00E08B0C /* Build configuration list for PBXNativeTarget "MazeGenerator" */;
			buildPhases = (
				1F3C5C9D15B9666D00E08B0C /* Sources */,
				1F3C5C9E15B9666D00E08B0C /* Frameworks */,
				1F3C5C9F15B9666D00E08B0C /* Resources */,
			);
			buildRules = (
			);
			dependencies = (
			);
			name = MazeGenerator;
			productName = MazeGenerator;
			productReference = 1F3C5CA115B9666D00E08B0C /* MazeGenerator.app */;
			productType = "com.apple.product-type.application";
		};
/* End PBXNativeTarget section */

/* Begin PBXProject section */
		1F3C5C9815B9666C00E08B0C /* Project object */ = {
			isa = PBXProject;
			attributes = {
				LastUpgradeCheck = 0430;
			};
			buildConfigurationList = 1F3C5C9B15B9666C00E08B0C /* Build configuration list for PBXProject "MazeGenerator" */;
			compatibilityVersion = "Xcode 3.2";
			developmentRegion = English;
			hasScannedForEncodings = 0;
			knownRegions = (
				en,
			);
			mainGroup = 1F3C5C9615B9666C00E08B0C;
			productRefGroup = 1F3C5CA215B9666D00E08B0C /* Products */;
			projectDirPath = "";
			projectRoot = "";
			targets = (
				1F3C5CA015B9666D00E08B0C /* MazeGenerator */,
			);
		};
/* End PBXProject section */

/* Begin PBXResourcesBuildPhase section */
		1F3C5C9F15B9666D00E08B0C /* Resources */ = {
			isa = PBXResourcesBuildPhase;
			buildActionMask = 2147483647;
			files = (
				1F3C5CB015B9666D00E08B0C /* InfoPlist.strings in Resources */,
				1F3C5CBC15B9666D00E08B0C /* ViewController.xib in Resources */,
			);
			runOnlyForDeploymentPostprocessing = 0;
		};
/* End PBXResourcesBuildPhase section */

/* Begin PBXSourcesBuildPhase section */
		1F3C5C9D15B9666D00E08B0C /* Sources */ = {
			isa = PBXSourcesBuildPhase;
			buildActionMask = 2147483647;
			files = (
				1F3C5CCF15B9691500E08B0C /* DEMazeGenerator.m in Sources */,
				1F3C5CB215B9666D00E08B0C /* main.m in Sources */,
				1F3C5CB615B9666D00E08B0C /* AppDelegate.m in Sources */,
				1F3C5CB915B9666D00E08B0C /* ViewController.m in Sources */,
			);
			runOnlyForDeploymentPostprocessing = 0;
		};
/* End PBXSourcesBuildPhase section */

/* Begin PBXVariantGroup section */
		1F3C5CAE15B9666D00E08B0C /* InfoPlist.strings */ = {
			isa = PBXVariantGroup;
			children = (
				1F3C5CAF15B9666D00E08B0C /* en */,
			);
			name = InfoPlist.strings;
			sourceTree = "<group>";
		};
		1F3C5CBA15B9666D00E08B0C /* ViewController.xib */ = {
			isa = PBXVariantGroup;
			children = (
				1F3C5CBB15B9666D00E08B0C /* en */,
			);
			name = ViewController.xib;
			sourceTree = "<group>";
		};
/* End PBXVariantGroup section */

/* Begin XCBuildConfiguration section */
		1F3C5CBD15B9666D00E08B0C /* Debug */ = {
			isa = XCBuildConfiguration;
			buildSettings = {
				ALWAYS_SEARCH_USER_PATHS = NO;
				ARCHS = "$(ARCHS_STANDARD_32_BIT)";
				CLANG_ENABLE_OBJC_ARC = YES;
				"CODE_SIGN_IDENTITY[sdk=iphoneos*]" = "iPhone Developer";
				COPY_PHASE_STRIP = NO;
				GCC_C_LANGUAGE_STANDARD = gnu99;
				GCC_DYNAMIC_NO_PIC = NO;
				GCC_OPTIMIZATION_LEVEL = 0;
				GCC_PREPROCESSOR_DEFINITIONS = (
					"DEBUG=1",
					"$(inherited)",
				);
				GCC_SYMBOLS_PRIVATE_EXTERN = NO;
				GCC_VERSION = com.apple.compilers.llvm.clang.1_0;
				GCC_WARN_ABOUT_RETURN_TYPE = YES;
				GCC_WARN_UNINITIALIZED_AUTOS = YES;
				GCC_WARN_UNUSED_VARIABLE = YES;
				IPHONEOS_DEPLOYMENT_TARGET = 5.1;
				SDKROOT = iphoneos;
				TARGETED_DEVICE_FAMILY = 2;
			};
			name = Debug;
		};
		1F3C5CBE15B9666D00E08B0C /* Release */ = {
			isa = XCBuildConfiguration;
			buildSettings = {
				ALWAYS_SEARCH_USER_PATHS = NO;
				ARCHS = "$(ARCHS_STANDARD_32_BIT)";
				CLANG_ENABLE_OBJC_ARC = YES;
				"CODE_SIGN_IDENTITY[sdk=iphoneos*]" = "iPhone Developer";
				COPY_PHASE_STRIP = YES;
				GCC_C_LANGUAGE_STANDARD = gnu99;
				GCC_VERSION = com.apple.compilers.llvm.clang.1_0;
				GCC_WARN_ABOUT_RETURN_TYPE = YES;
				GCC_WARN_UNINITIALIZED_AUTOS = YES;
				GCC_WARN_UNUSED_VARIABLE = YES;
				IPHONEOS_DEPLOYMENT_TARGET = 5.1;
				OTHER_CFLAGS = "-DNS_BLOCK_ASSERTIONS=1";
				SDKROOT = iphoneos;
				TARGETED_DEVICE_FAMILY = 2;
				VALIDATE_PRODUCT = YES;
			};
			name = Release;
		};
		1F3C5CC015B9666D00E08B0C /* Debug */ = {
			isa = XCBuildConfiguration;
			buildSettings = {
				GCC_PRECOMPILE_PREFIX_HEADER = YES;
				GCC_PREFIX_HEADER = "MazeGenerator/MazeGenerator-Prefix.pch";
				INFOPLIST_FILE = "MazeGenerator/MazeGenerator-Info.plist";
				PRODUCT_NAME = "$(TARGET_NAME)";
				WRAPPER_EXTENSION = app;
			};
			name = Debug;
		};
		1F3C5CC115B9666D00E08B0C /* Release */ = {
			isa = XCBuildConfiguration;
			buildSettings = {
				GCC_PRECOMPILE_PREFIX_HEADER = YES;
				GCC_PREFIX_HEADER = "MazeGenerator/MazeGenerator-Prefix.pch";
				INFOPLIST_FILE = "MazeGenerator/MazeGenerator-Info.plist";
				PRODUCT_NAME = "$(TARGET_NAME)";
				WRAPPER_EXTENSION = app;
			};
			name = Release;
		};
/* End XCBuildConfiguration section */

/* Begin XCConfigurationList section */
		1F3C5C9B15B9666C00E08B0C /* Build configuration list for PBXProject "MazeGenerator" */ = {
			isa = XCConfigurationList;
			buildConfigurations = (
				1F3C5CBD15B9666D00E08B0C /* Debug */,
				1F3C5CBE15B9666D00E08B0C /* Release */,
			);
			defaultConfigurationIsVisible = 0;
			defaultConfigurationName = Release;
		};
		1F3C5CBF15B9666D00E08B0C /* Build configuration list for PBXNativeTarget "MazeGenerator" */ = {
			isa = XCConfigurationList;
			buildConfigurations = (
				1F3C5CC015B9666D00E08B0C /* Debug */,
				1F3C5CC115B9666D00E08B0C /* Release */,
			);
			defaultConfigurationIsVisible = 0;
		};
/* End XCConfigurationList section */
	};
	rootObject = 1F3C5C9815B9666C00E08B0C /* Project object */;
}
